
Microsoft Visual Studio Solution File, Format Version 12.00
# Visual Studio 14
VisualStudioVersion = 14.0.23107.0
MinimumVisualStudioVersion = 10.0.40219.1
Project("{2150E333-8FDC-42A3-9474-1A3956D46DE8}") = "_", "_", "{C1526632-38B3-447A-B8D8-6DCC8F7AB3F8}"
	ProjectSection(SolutionItems) = preProject
		.gitignore = .gitignore
		LICENSE = LICENSE
		README.md = README.md
	EndProjectSection
EndProject
Project("{2150E333-8FDC-42A3-9474-1A3956D46DE8}") = "Src", "Src", "{4F922B63-87AC-4F82-BCD1-10D3DC7ED0F5}"
EndProject
Project("{FAE04EC0-301F-11D3-BF4B-00C04F79EFBC}") = "Dewey.Net", "src\Dewey.Net\Dewey.Net.csproj", "{14B2ABC3-36B6-4F60-9070-C40FAD9C2ED9}"
EndProject
Project("{2150E333-8FDC-42A3-9474-1A3956D46DE8}") = "Tests", "Tests", "{D25AE065-3C39-4862-A8C9-204D5847FF9F}"
EndProject
Project("{FAE04EC0-301F-11D3-BF4B-00C04F79EFBC}") = "Dewey.Net.Azure", "src\Dewey.Net.Azure\Dewey.Net.Azure.csproj", "{CF7AD166-37DF-470B-A867-82D24D37422F}"
EndProject
Project("{FAE04EC0-301F-11D3-BF4B-00C04F79EFBC}") = "Dewey.Net.Tests", "tests\Dewey.Net.Tests\Dewey.Net.Tests.csproj", "{DEED2994-153C-4BD0-9911-4926E973F912}"
EndProject
Project("{FAE04EC0-301F-11D3-BF4B-00C04F79EFBC}") = "Dewey.Net.xUnit", "src\Dewey.Net.xUnit\Dewey.Net.xUnit.csproj", "{1C8FD228-1B48-42D6-8135-3EDB701722F1}"
EndProject
Global
	GlobalSection(SolutionConfigurationPlatforms) = preSolution
		Debug|Any CPU = Debug|Any CPU
		Live|Any CPU = Live|Any CPU
		Release|Any CPU = Release|Any CPU
	EndGlobalSection
	GlobalSection(ProjectConfigurationPlatforms) = postSolution
		{14B2ABC3-36B6-4F60-9070-C40FAD9C2ED9}.Debug|Any CPU.ActiveCfg = Debug|Any CPU
		{14B2ABC3-36B6-4F60-9070-C40FAD9C2ED9}.Debug|Any CPU.Build.0 = Debug|Any CPU
		{14B2ABC3-36B6-4F60-9070-C40FAD9C2ED9}.Live|Any CPU.ActiveCfg = Live|Any CPU
		{14B2ABC3-36B6-4F60-9070-C40FAD9C2ED9}.Live|Any CPU.Build.0 = Live|Any CPU
		{14B2ABC3-36B6-4F60-9070-C40FAD9C2ED9}.Release|Any CPU.ActiveCfg = Release|Any CPU
		{14B2ABC3-36B6-4F60-9070-C40FAD9C2ED9}.Release|Any CPU.Build.0 = Release|Any CPU
		{CF7AD166-37DF-470B-A867-82D24D37422F}.Debug|Any CPU.ActiveCfg = Debug|Any CPU
		{CF7AD166-37DF-470B-A867-82D24D37422F}.Debug|Any CPU.Build.0 = Debug|Any CPU
		{CF7AD166-37DF-470B-A867-82D24D37422F}.Live|Any CPU.ActiveCfg = Release|Any CPU
		{CF7AD166-37DF-470B-A867-82D24D37422F}.Live|Any CPU.Build.0 = Release|Any CPU
		{CF7AD166-37DF-470B-A867-82D24D37422F}.Release|Any CPU.ActiveCfg = Release|Any CPU
		{CF7AD166-37DF-470B-A867-82D24D37422F}.Release|Any CPU.Build.0 = Release|Any CPU
		{DEED2994-153C-4BD0-9911-4926E973F912}.Debug|Any CPU.ActiveCfg = Debug|Any CPU
		{DEED2994-153C-4BD0-9911-4926E973F912}.Debug|Any CPU.Build.0 = Debug|Any CPU
		{DEED2994-153C-4BD0-9911-4926E973F912}.Live|Any CPU.ActiveCfg = Release|Any CPU
		{DEED2994-153C-4BD0-9911-4926E973F912}.Live|Any CPU.Build.0 = Release|Any CPU
		{DEED2994-153C-4BD0-9911-4926E973F912}.Release|Any CPU.ActiveCfg = Release|Any CPU
		{DEED2994-153C-4BD0-9911-4926E973F912}.Release|Any CPU.Build.0 = Release|Any CPU
		{1C8FD228-1B48-42D6-8135-3EDB701722F1}.Debug|Any CPU.ActiveCfg = Debug|Any CPU
		{1C8FD228-1B48-42D6-8135-3EDB701722F1}.Debug|Any CPU.Build.0 = Debug|Any CPU
		{1C8FD228-1B48-42D6-8135-3EDB701722F1}.Live|Any CPU.ActiveCfg = Live|Any CPU
		{1C8FD228-1B48-42D6-8135-3EDB701722F1}.Live|Any CPU.Build.0 = Live|Any CPU
		{1C8FD228-1B48-42D6-8135-3EDB701722F1}.Release|Any CPU.ActiveCfg = Release|Any CPU
		{1C8FD228-1B48-42D6-8135-3EDB701722F1}.Release|Any CPU.Build.0 = Release|Any CPU
	EndGlobalSection
	GlobalSection(SolutionProperties) = preSolution
		HideSolutionNode = FALSE
	EndGlobalSection
	GlobalSection(NestedProjects) = preSolution
		{14B2ABC3-36B6-4F60-9070-C40FAD9C2ED9} = {4F922B63-87AC-4F82-BCD1-10D3DC7ED0F5}
		{CF7AD166-37DF-470B-A867-82D24D37422F} = {4F922B63-87AC-4F82-BCD1-10D3DC7ED0F5}
		{DEED2994-153C-4BD0-9911-4926E973F912} = {D25AE065-3C39-4862-A8C9-204D5847FF9F}
		{1C8FD228-1B48-42D6-8135-3EDB701722F1} = {4F922B63-87AC-4F82-BCD1-10D3DC7ED0F5}
	EndGlobalSection
EndGlobal
