
Microsoft Visual Studio Solution File, Format Version 12.00
# Visual Studio 14
VisualStudioVersion = 14.0.24720.0
MinimumVisualStudioVersion = 10.0.40219.1
Project("{2150E333-8FDC-42A3-9474-1A3956D46DE8}") = "_", "_", "{C1526632-38B3-447A-B8D8-6DCC8F7AB3F8}"
	ProjectSection(SolutionItems) = preProject
		.gitignore = .gitignore
		LICENSE = LICENSE
		README.md = README.md
	EndProjectSection
EndProject
Project("{2150E333-8FDC-42A3-9474-1A3956D46DE8}") = "Src", "Src", "{4F922B63-87AC-4F82-BCD1-10D3DC7ED0F5}"
EndProject
Project("{8BB2217D-0F2D-49D1-97BC-3654ED321F3B}") = "Dewey", "src\Dewey\Dewey.xproj", "{682D4809-E38D-49BD-B5F6-4B8538153200}"
EndProject
Project("{8BB2217D-0F2D-49D1-97BC-3654ED321F3B}") = "Dewey.Redis", "src\Dewey.Redis\Dewey.Redis.xproj", "{4186A72F-F748-4910-A4C5-9C26A62D8E99}"
EndProject
Project("{8BB2217D-0F2D-49D1-97BC-3654ED321F3B}") = "Dewey.Azure", "src\Dewey.Azure\Dewey.Azure.xproj", "{9EDF11C9-1069-498C-945C-E36D93E5EE53}"
EndProject
Project("{2150E333-8FDC-42A3-9474-1A3956D46DE8}") = "Docs", "Docs", "{DEE12186-D8A5-462A-A05C-6677FB850009}"
	ProjectSection(SolutionItems) = preProject
		docs\conf.py = docs\conf.py
		contributing.rst = contributing.rst
		docs\index.rst = docs\index.rst
	EndProjectSection
EndProject
Project("{2150E333-8FDC-42A3-9474-1A3956D46DE8}") = "Dewey", "Dewey", "{802B8DF9-21D9-4B8D-99F0-CE70EDDE1CA1}"
	ProjectSection(SolutionItems) = preProject
		docs\dewey\index.rst = docs\dewey\index.rst
	EndProjectSection
EndProject
Project("{2150E333-8FDC-42A3-9474-1A3956D46DE8}") = "Dewey.Redis", "Dewey.Redis", "{0F1AFFB5-E439-4B2F-93C9-282BAC13F696}"
	ProjectSection(SolutionItems) = preProject
		docs\dewey-redis\index.rst = docs\dewey-redis\index.rst
	EndProjectSection
EndProject
Project("{2150E333-8FDC-42A3-9474-1A3956D46DE8}") = "Dewey.Azure", "Dewey.Azure", "{29DE50BD-5AD3-48C0-8008-F1605DA4CEC7}"
	ProjectSection(SolutionItems) = preProject
		docs\dewey-azure\index.rst = docs\dewey-azure\index.rst
	EndProjectSection
EndProject
Project("{8BB2217D-0F2D-49D1-97BC-3654ED321F3B}") = "Dewey.Json", "src\Dewey.Json\Dewey.Json.xproj", "{DE9AEEBA-9715-4AA6-A3EA-FD8ECD4A1AA6}"
EndProject
Project("{2150E333-8FDC-42A3-9474-1A3956D46DE8}") = "Dewey.Json", "Dewey.Json", "{F751D046-6079-4498-A865-04E11077D68D}"
	ProjectSection(SolutionItems) = preProject
		docs\dewey-json\index.rst = docs\dewey-json\index.rst
	EndProjectSection
EndProject
Global
	GlobalSection(SolutionConfigurationPlatforms) = preSolution
		Debug|Any CPU = Debug|Any CPU
		Release|Any CPU = Release|Any CPU
	EndGlobalSection
	GlobalSection(ProjectConfigurationPlatforms) = postSolution
		{682D4809-E38D-49BD-B5F6-4B8538153200}.Debug|Any CPU.ActiveCfg = Debug|Any CPU
		{682D4809-E38D-49BD-B5F6-4B8538153200}.Debug|Any CPU.Build.0 = Debug|Any CPU
		{682D4809-E38D-49BD-B5F6-4B8538153200}.Release|Any CPU.ActiveCfg = Release|Any CPU
		{682D4809-E38D-49BD-B5F6-4B8538153200}.Release|Any CPU.Build.0 = Release|Any CPU
		{4186A72F-F748-4910-A4C5-9C26A62D8E99}.Debug|Any CPU.ActiveCfg = Debug|Any CPU
		{4186A72F-F748-4910-A4C5-9C26A62D8E99}.Debug|Any CPU.Build.0 = Debug|Any CPU
		{4186A72F-F748-4910-A4C5-9C26A62D8E99}.Release|Any CPU.ActiveCfg = Release|Any CPU
		{4186A72F-F748-4910-A4C5-9C26A62D8E99}.Release|Any CPU.Build.0 = Release|Any CPU
		{9EDF11C9-1069-498C-945C-E36D93E5EE53}.Debug|Any CPU.ActiveCfg = Debug|Any CPU
		{9EDF11C9-1069-498C-945C-E36D93E5EE53}.Debug|Any CPU.Build.0 = Debug|Any CPU
		{9EDF11C9-1069-498C-945C-E36D93E5EE53}.Release|Any CPU.ActiveCfg = Release|Any CPU
		{9EDF11C9-1069-498C-945C-E36D93E5EE53}.Release|Any CPU.Build.0 = Release|Any CPU
		{DE9AEEBA-9715-4AA6-A3EA-FD8ECD4A1AA6}.Debug|Any CPU.ActiveCfg = Debug|Any CPU
		{DE9AEEBA-9715-4AA6-A3EA-FD8ECD4A1AA6}.Debug|Any CPU.Build.0 = Debug|Any CPU
		{DE9AEEBA-9715-4AA6-A3EA-FD8ECD4A1AA6}.Release|Any CPU.ActiveCfg = Release|Any CPU
		{DE9AEEBA-9715-4AA6-A3EA-FD8ECD4A1AA6}.Release|Any CPU.Build.0 = Release|Any CPU
	EndGlobalSection
	GlobalSection(SolutionProperties) = preSolution
		HideSolutionNode = FALSE
	EndGlobalSection
	GlobalSection(NestedProjects) = preSolution
		{682D4809-E38D-49BD-B5F6-4B8538153200} = {4F922B63-87AC-4F82-BCD1-10D3DC7ED0F5}
		{4186A72F-F748-4910-A4C5-9C26A62D8E99} = {4F922B63-87AC-4F82-BCD1-10D3DC7ED0F5}
		{9EDF11C9-1069-498C-945C-E36D93E5EE53} = {4F922B63-87AC-4F82-BCD1-10D3DC7ED0F5}
		{802B8DF9-21D9-4B8D-99F0-CE70EDDE1CA1} = {DEE12186-D8A5-462A-A05C-6677FB850009}
		{0F1AFFB5-E439-4B2F-93C9-282BAC13F696} = {DEE12186-D8A5-462A-A05C-6677FB850009}
		{29DE50BD-5AD3-48C0-8008-F1605DA4CEC7} = {DEE12186-D8A5-462A-A05C-6677FB850009}
		{DE9AEEBA-9715-4AA6-A3EA-FD8ECD4A1AA6} = {4F922B63-87AC-4F82-BCD1-10D3DC7ED0F5}
		{F751D046-6079-4498-A865-04E11077D68D} = {DEE12186-D8A5-462A-A05C-6677FB850009}
	EndGlobalSection
EndGlobal
